{
  "name": "node-red-contrib-buffer-worker",
  "version": "1.0.0",
  "lockfileVersion": 2,
  "requires": true,
  "packages": {
    "": {
      "version": "1.0.0",
      "license": "MIT",
      "dependencies": {
        "io-buffer-worker": "github:jledun/io-buffer-worker"
      }
    },
    "node_modules/io-buffer-worker": {
      "version": "1.0.0",
      "resolved": "git+ssh://git@github.com/jledun/io-buffer-worker.git#119c34bf3478dc5cc5bb253b3e341b589b79d910",
      "license": "MIT"
    }
  },
  "dependencies": {
    "io-buffer-worker": {
      "version": "git+ssh://git@github.com/jledun/io-buffer-worker.git#119c34bf3478dc5cc5bb253b3e341b589b79d910",
      "from": "io-buffer-worker@github:jledun/io-buffer-worker"
    }
  }
}
